# This file is generated by running "yarn install" inside your project.
# Manual changes might be lost - proceed with caution!

__metadata:
  version: 4

"@asbjorn/eslint-plugin-groq@npm:^0.1.2":
  version: 0.1.2
  resolution: "@asbjorn/eslint-plugin-groq@npm:0.1.2"
  dependencies:
    eslint-ast-utils: ^1.1.0
    groq-js: ^0.1.4
  peerDependencies:
    groq: ^0.142.0
  checksum: b323291a5825f917f1a7b40dd44df3037c20fa9593347168f5cebe0f3dcc20a7ab751620cf45d51de22d280f5349f041e87d2645b6de0c52b445224045ed17af
  languageName: node
  linkType: hard

"eslint-ast-utils@npm:^1.1.0":
  version: 1.1.0
  resolution: "eslint-ast-utils@npm:1.1.0"
  dependencies:
    lodash.get: ^4.4.2
    lodash.zip: ^4.2.0
  checksum: a30e0e068d81689ee8246b1b3192a3804e147d24d98f76e8c2818a9c1b4c2ad866bce82ce83a6dbb13e71fded49bbfa5a44040b45bf56178e8e1c7c3e4534e80
  languageName: node
  linkType: hard

"groq-js@npm:^0.1.4":
  version: 0.1.7
  resolution: "groq-js@npm:0.1.7"
  checksum: 1dfdf6c2f812caf93af8c67a2ba6dd2bd73bf16b0afe5298df909d248bbf9f107aff844e49daefdad4a4d49830852a8e848ab1e2e7daeee27391143e089bfa3c
  languageName: node
  linkType: hard

"groq@npm:^1.149.16":
  version: 1.149.16
  resolution: "groq@npm:1.149.16"
  checksum: dc22948d59f0386959e6fdf5316b4b0c3e224c5b64bc619b6f4bda6cef6193b0ecca7fdf5fcf893a00ef59a5dfa66f9351a497d866822eebfd58d33c4aa0b081
  languageName: node
  linkType: hard

"lodash.get@npm:^4.4.2":
  version: 4.4.2
  resolution: "lodash.get@npm:4.4.2"
  checksum: 37d69a668f582807bb89c5d53664c798aaa5e52ba131b9bed9af4fead1b753a32404bf63cdc68ca774ae776f832ec830ed692059dedeec3165f8b235451f1a6b
  languageName: node
  linkType: hard

"lodash.zip@npm:^4.2.0":
  version: 4.2.0
  resolution: "lodash.zip@npm:4.2.0"
  checksum: 065481cdb0457dfc96e3688f6820450fb9ed36cb20a1c6b41113a4a6d39af925cb04dd063abff0ae334631ab91c8a45a31e9111ce8596431a3b19d7ba5daa7e8
  languageName: node
  linkType: hard

"sanity-gatsby-portfolio@workspace:.":
  version: 0.0.0-use.local
  resolution: "sanity-gatsby-portfolio@workspace:."
  dependencies:
    "@asbjorn/eslint-plugin-groq": ^0.1.2
    groq: ^1.149.16
  languageName: unknown
  linkType: soft
